
Microsoft Visual Studio Solution File, Format Version 12.00
# Visual Studio Version 17
VisualStudioVersion = 17.1.32210.238
MinimumVisualStudioVersion = 10.0.40219.1
Project("{FAE04EC0-301F-11D3-BF4B-00C04F79EFBC}") = "Mandal", "Mandal.csproj", "{6614ED7C-4642-49CB-AAB3-761AE453637F}"
EndProject
Global
	GlobalSection(SolutionConfigurationPlatforms) = preSolution
		Debug|Any CPU = Debug|Any CPU
		Release|Any CPU = Release|Any CPU
	EndGlobalSection
	GlobalSection(ProjectConfigurationPlatforms) = postSolution
		{6614ED7C-4642-49CB-AAB3-761AE453637F}.Debug|Any CPU.ActiveCfg = Debug|Any CPU
		{6614ED7C-4642-49CB-AAB3-761AE453637F}.Debug|Any CPU.Build.0 = Debug|Any CPU
		{6614ED7C-4642-49CB-AAB3-761AE453637F}.Release|Any CPU.ActiveCfg = Release|Any CPU
		{6614ED7C-4642-49CB-AAB3-761AE453637F}.Release|Any CPU.Build.0 = Release|Any CPU
	EndGlobalSection
	GlobalSection(SolutionProperties) = preSolution
		HideSolutionNode = FALSE
	EndGlobalSection
	GlobalSection(ExtensibilityGlobals) = postSolution
		SolutionGuid = {3EFF05D5-A7ED-4EB1-95EA-3BDFA77C13AE}
	EndGlobalSection
EndGlobal
